
Microsoft Visual Studio Solution File, Format Version 12.00
# Visual Studio Version 17
VisualStudioVersion = 17.9.34723.18
MinimumVisualStudioVersion = 10.0.40219.1
Project("{FAE04EC0-301F-11D3-BF4B-00C04F79EFBC}") = "SurfShop_MVC", "SurfShop_MVC\SurfShop_MVC.csproj", "{3102A3F3-9B78-4E8A-8540-E629A9E22370}"
EndProject
Global
	GlobalSection(SolutionConfigurationPlatforms) = preSolution
		Debug|Any CPU = Debug|Any CPU
		Release|Any CPU = Release|Any CPU
	EndGlobalSection
	GlobalSection(ProjectConfigurationPlatforms) = postSolution
		{3102A3F3-9B78-4E8A-8540-E629A9E22370}.Debug|Any CPU.ActiveCfg = Debug|Any CPU
		{3102A3F3-9B78-4E8A-8540-E629A9E22370}.Debug|Any CPU.Build.0 = Debug|Any CPU
		{3102A3F3-9B78-4E8A-8540-E629A9E22370}.Release|Any CPU.ActiveCfg = Release|Any CPU
		{3102A3F3-9B78-4E8A-8540-E629A9E22370}.Release|Any CPU.Build.0 = Release|Any CPU
	EndGlobalSection
	GlobalSection(SolutionProperties) = preSolution
		HideSolutionNode = FALSE
	EndGlobalSection
	GlobalSection(ExtensibilityGlobals) = postSolution
		SolutionGuid = {AAA285EF-07BB-458F-81CF-4135A989EC05}
	EndGlobalSection
EndGlobal
